
Microsoft Visual Studio Solution File, Format Version 12.00
# Visual Studio Version 16
VisualStudioVersion = 16.0.29424.173
MinimumVisualStudioVersion = 10.0.40219.1
Project("{FAE04EC0-301F-11D3-BF4B-00C04F79EFBC}") = "PzaleszczykLib", "PzaleszczykLib\PzaleszczykLib.csproj", "{5990F659-B062-496C-8856-9AB8917D6B91}"
EndProject
Project("{FAE04EC0-301F-11D3-BF4B-00C04F79EFBC}") = "PzaleszczykUnitTest", "PzaleszczykUnitTest\PzaleszczykUnitTest.csproj", "{C110543F-2B94-4982-BA1B-8B5A260B6E15}"
EndProject
Global
	GlobalSection(SolutionConfigurationPlatforms) = preSolution
		Debug|Any CPU = Debug|Any CPU
		Release|Any CPU = Release|Any CPU
	EndGlobalSection
	GlobalSection(ProjectConfigurationPlatforms) = postSolution
		{5990F659-B062-496C-8856-9AB8917D6B91}.Debug|Any CPU.ActiveCfg = Debug|Any CPU
		{5990F659-B062-496C-8856-9AB8917D6B91}.Debug|Any CPU.Build.0 = Debug|Any CPU
		{5990F659-B062-496C-8856-9AB8917D6B91}.Release|Any CPU.ActiveCfg = Release|Any CPU
		{5990F659-B062-496C-8856-9AB8917D6B91}.Release|Any CPU.Build.0 = Release|Any CPU
		{C110543F-2B94-4982-BA1B-8B5A260B6E15}.Debug|Any CPU.ActiveCfg = Debug|Any CPU
		{C110543F-2B94-4982-BA1B-8B5A260B6E15}.Debug|Any CPU.Build.0 = Debug|Any CPU
		{C110543F-2B94-4982-BA1B-8B5A260B6E15}.Release|Any CPU.ActiveCfg = Release|Any CPU
		{C110543F-2B94-4982-BA1B-8B5A260B6E15}.Release|Any CPU.Build.0 = Release|Any CPU
	EndGlobalSection
	GlobalSection(SolutionProperties) = preSolution
		HideSolutionNode = FALSE
	EndGlobalSection
	GlobalSection(ExtensibilityGlobals) = postSolution
		SolutionGuid = {F7738954-5CC0-40BF-A5B7-7042467555A5}
	EndGlobalSection
EndGlobal
